
Microsoft Visual Studio Solution File, Format Version 12.00
# Visual Studio Version 16
VisualStudioVersion = 16.0.29519.181
MinimumVisualStudioVersion = 10.0.40219.1
Project("{FAE04EC0-301F-11D3-BF4B-00C04F79EFBC}") = "ReaktorPreAssignment", "ReaktorPreAssignment\ReaktorPreAssignment.csproj", "{6B39187C-1D52-4E8F-9C02-D9F749794A21}"
EndProject
Global
	GlobalSection(SolutionConfigurationPlatforms) = preSolution
		Debug|Any CPU = Debug|Any CPU
		Release|Any CPU = Release|Any CPU
	EndGlobalSection
	GlobalSection(ProjectConfigurationPlatforms) = postSolution
		{6B39187C-1D52-4E8F-9C02-D9F749794A21}.Debug|Any CPU.ActiveCfg = Debug|Any CPU
		{6B39187C-1D52-4E8F-9C02-D9F749794A21}.Debug|Any CPU.Build.0 = Debug|Any CPU
		{6B39187C-1D52-4E8F-9C02-D9F749794A21}.Release|Any CPU.ActiveCfg = Release|Any CPU
		{6B39187C-1D52-4E8F-9C02-D9F749794A21}.Release|Any CPU.Build.0 = Release|Any CPU
	EndGlobalSection
	GlobalSection(SolutionProperties) = preSolution
		HideSolutionNode = FALSE
	EndGlobalSection
	GlobalSection(ExtensibilityGlobals) = postSolution
		SolutionGuid = {7D136CE0-9F72-49B0-8D42-C7DFF44AAF45}
	EndGlobalSection
EndGlobal
